{
  "version": 4,
  "terraform_version": "1.1.4",
  "serial": 67,
  "lineage": "7cda52cc-caf4-3379-721f-c9a79e4f8d55",
  "outputs": {},
  "resources": [
    {
      "mode": "managed",
      "type": "yandex_compute_instance",
      "name": "nat-instance",
      "provider": "provider[\"registry.terraform.io/yandex-cloud/yandex\"]",
      "instances": [
        {
          "schema_version": 1,
          "attributes": {
            "allow_stopping_for_update": null,
            "boot_disk": [
              {
                "auto_delete": true,
                "device_name": "epdfol61vs4s9a86krvn",
                "disk_id": "epdfol61vs4s9a86krvn",
                "initialize_params": [
                  {
                    "block_size": 4096,
                    "description": "",
                    "image_id": "fd80mrhj8fl2oe87o4e1",
                    "name": "",
                    "size": 3,
                    "snapshot_id": "",
                    "type": "network-hdd"
                  }
                ],
                "mode": "READ_WRITE"
              }
            ],
            "created_at": "2023-02-26T17:50:47Z",
            "description": "",
            "folder_id": "b1gq4sejntiisjvcq7m4",
            "fqdn": "epd5jeftqgngoq3d6094.auto.internal",
            "hostname": "epd5jeftqgngoq3d6094",
            "id": "epd5jeftqgngoq3d6094",
            "labels": {},
            "metadata": {
              "ssh-keys": "vagrant:ssh-rsa AAAAB3NzaC1yc2EAAAADAQABAAABAQC6gDyT6NsUd9r4ac51FZvATxaIB0xxyqTUckMH6T7D0yibU7uWYbQ/8IJr1ildqHrY/eGWgiwSjgsCqVO7g1hc8CT7SJOiQgezElEhqbaA8dqzwxPQ/pjc+lWq59vrVgZwnRLFPMkgSIFsD84/gr7PDElrUGmGVZD8g39UMJaWlyizzOWlcEErxMWuN3shWcuqgoN0b0DonyqnSoNjLEme5RQEbZP2PVT5pjijY1xR2hf3nxXE7d0JS8u/mw08o35NxvU3UjYMchAak2hEa7+0/8xDPtU/1PooQE5DSINUqk0gzYD9NohYPMACDkthBU+lBMU0CUPo7bK0Q+kKBUXL vagrant@vagrant\n"
            },
            "name": "nat-instance",
            "network_acceleration_type": "standard",
            "network_interface": [
              {
                "dns_record": [],
                "index": 0,
                "ip_address": "192.168.10.254",
                "ipv4": true,
                "ipv6": false,
                "ipv6_address": "",
                "ipv6_dns_record": [],
                "mac_address": "d0:0d:59:b9:fd:d4",
                "nat": true,
                "nat_dns_record": [],
                "nat_ip_address": "158.160.0.240",
                "nat_ip_version": "IPV4",
                "security_group_ids": [],
                "subnet_id": "e2lreaq20j2rj5i0k3js"
              }
            ],
            "placement_policy": [
              {
                "placement_group_id": ""
              }
            ],
            "platform_id": "standard-v1",
            "resources": [
              {
                "core_fraction": 100,
                "cores": 2,
                "gpus": 0,
                "memory": 2
              }
            ],
            "scheduling_policy": [
              {
                "preemptible": false
              }
            ],
            "secondary_disk": [],
            "service_account_id": "",
            "status": "running",
            "timeouts": null,
            "zone": "ru-central1-b"
          },
          "sensitive_attributes": [],
          "private": "eyJlMmJmYjczMC1lY2FhLTExZTYtOGY4OC0zNDM2M2JjN2M0YzAiOnsiY3JlYXRlIjozMDAwMDAwMDAwMDAsImRlbGV0ZSI6MzAwMDAwMDAwMDAwLCJ1cGRhdGUiOjMwMDAwMDAwMDAwMH0sInNjaGVtYV92ZXJzaW9uIjoiMSJ9",
          "dependencies": [
            "yandex_vpc_network.default",
            "yandex_vpc_subnet.public"
          ]
        }
      ]
    },
    {
      "mode": "managed",
      "type": "yandex_compute_instance",
      "name": "vm-1",
      "provider": "provider[\"registry.terraform.io/yandex-cloud/yandex\"]",
      "instances": [
        {
          "schema_version": 1,
          "attributes": {
            "allow_stopping_for_update": null,
            "boot_disk": [
              {
                "auto_delete": true,
                "device_name": "epd3v6u2umpem7c1sqnr",
                "disk_id": "epd3v6u2umpem7c1sqnr",
                "initialize_params": [
                  {
                    "block_size": 4096,
                    "description": "",
                    "image_id": "fd8gnpl76tcrdv0qsfko",
                    "name": "",
                    "size": 5,
                    "snapshot_id": "",
                    "type": "network-hdd"
                  }
                ],
                "mode": "READ_WRITE"
              }
            ],
            "created_at": "2023-02-26T18:24:19Z",
            "description": "",
            "folder_id": "b1gq4sejntiisjvcq7m4",
            "fqdn": "epd7v6rjh5l5an81rqi9.auto.internal",
            "hostname": "epd7v6rjh5l5an81rqi9",
            "id": "epd7v6rjh5l5an81rqi9",
            "labels": null,
            "metadata": {
              "user-data": "#cloud-config\nusers:\n  - name: vagrant\n    groups: sudo\n    shell: /bin/bash\n    sudo: ['ALL=(ALL) NOPASSWD:ALL']\n    ssh-authorized-keys:\n      - ssh-rsa AAAAB3NzaC1yc2EAAAADAQABAAABAQC6gDyT6NsUd9r4ac51FZvATxaIB0xxyqTUckMH6T7D0yibU7uWYbQ/8IJr1ildqHrY/eGWgiwSjgsCqVO7g1hc8CT7SJOiQgezElEhqbaA8dqzwxPQ/pjc+lWq59vrVgZwnRLFPMkgSIFsD84/gr7PDElrUGmGVZD8g39UMJaWlyizzOWlcEErxMWuN3shWcuqgoN0b0DonyqnSoNjLEme5RQEbZP2PVT5pjijY1xR2hf3nxXE7d0JS8u/mw08o35NxvU3UjYMchAak2hEa7+0/8xDPtU/1PooQE5DSINUqk0gzYD9NohYPMACDkthBU+lBMU0CUPo7bK0Q+kKBUXL vagrant@vagrant\n"
            },
            "name": "public",
            "network_acceleration_type": "standard",
            "network_interface": [
              {
                "dns_record": [],
                "index": 0,
                "ip_address": "192.168.10.101",
                "ipv4": true,
                "ipv6": false,
                "ipv6_address": "",
                "ipv6_dns_record": [],
                "mac_address": "d0:0d:7f:9b:73:89",
                "nat": true,
                "nat_dns_record": [],
                "nat_ip_address": "84.252.140.178",
                "nat_ip_version": "IPV4",
                "security_group_ids": [],
                "subnet_id": "e2lreaq20j2rj5i0k3js"
              }
            ],
            "placement_policy": [
              {
                "placement_group_id": ""
              }
            ],
            "platform_id": "standard-v1",
            "resources": [
              {
                "core_fraction": 100,
                "cores": 2,
                "gpus": 0,
                "memory": 2
              }
            ],
            "scheduling_policy": [
              {
                "preemptible": false
              }
            ],
            "secondary_disk": [],
            "service_account_id": "",
            "status": "running",
            "timeouts": null,
            "zone": "ru-central1-b"
          },
          "sensitive_attributes": [],
          "private": "eyJlMmJmYjczMC1lY2FhLTExZTYtOGY4OC0zNDM2M2JjN2M0YzAiOnsiY3JlYXRlIjozMDAwMDAwMDAwMDAsImRlbGV0ZSI6MzAwMDAwMDAwMDAwLCJ1cGRhdGUiOjMwMDAwMDAwMDAwMH0sInNjaGVtYV92ZXJzaW9uIjoiMSJ9",
          "dependencies": [
            "yandex_vpc_subnet.public"
          ]
        }
      ]
    },
    {
      "mode": "managed",
      "type": "yandex_compute_instance",
      "name": "vm-2",
      "provider": "provider[\"registry.terraform.io/yandex-cloud/yandex\"]",
      "instances": [
        {
          "schema_version": 1,
          "attributes": {
            "allow_stopping_for_update": null,
            "boot_disk": [
              {
                "auto_delete": true,
                "device_name": "epdt5epkd4qmki184r7o",
                "disk_id": "epdt5epkd4qmki184r7o",
                "initialize_params": [
                  {
                    "block_size": 4096,
                    "description": "",
                    "image_id": "fd8gnpl76tcrdv0qsfko",
                    "name": "",
                    "size": 5,
                    "snapshot_id": "",
                    "type": "network-hdd"
                  }
                ],
                "mode": "READ_WRITE"
              }
            ],
            "created_at": "2023-02-26T18:24:19Z",
            "description": "",
            "folder_id": "b1gq4sejntiisjvcq7m4",
            "fqdn": "epdjg7llcqibh9couhan.auto.internal",
            "hostname": "epdjg7llcqibh9couhan",
            "id": "epdjg7llcqibh9couhan",
            "labels": null,
            "metadata": {
              "user-data": "#cloud-config\nusers:\n  - name: vagrant\n    groups: sudo\n    shell: /bin/bash\n    sudo: ['ALL=(ALL) NOPASSWD:ALL']\n    ssh-authorized-keys:\n      - ssh-rsa AAAAB3NzaC1yc2EAAAADAQABAAABAQC6gDyT6NsUd9r4ac51FZvATxaIB0xxyqTUckMH6T7D0yibU7uWYbQ/8IJr1ildqHrY/eGWgiwSjgsCqVO7g1hc8CT7SJOiQgezElEhqbaA8dqzwxPQ/pjc+lWq59vrVgZwnRLFPMkgSIFsD84/gr7PDElrUGmGVZD8g39UMJaWlyizzOWlcEErxMWuN3shWcuqgoN0b0DonyqnSoNjLEme5RQEbZP2PVT5pjijY1xR2hf3nxXE7d0JS8u/mw08o35NxvU3UjYMchAak2hEa7+0/8xDPtU/1PooQE5DSINUqk0gzYD9NohYPMACDkthBU+lBMU0CUPo7bK0Q+kKBUXL vagrant@vagrant\n"
            },
            "name": "private",
            "network_acceleration_type": "standard",
            "network_interface": [
              {
                "dns_record": [],
                "index": 0,
                "ip_address": "192.168.20.101",
                "ipv4": true,
                "ipv6": false,
                "ipv6_address": "",
                "ipv6_dns_record": [],
                "mac_address": "d0:0d:13:81:eb:56",
                "nat": false,
                "nat_dns_record": [],
                "nat_ip_address": "",
                "nat_ip_version": "",
                "security_group_ids": [],
                "subnet_id": "e2l8vf41g004rrm18ifa"
              }
            ],
            "placement_policy": [
              {
                "placement_group_id": ""
              }
            ],
            "platform_id": "standard-v1",
            "resources": [
              {
                "core_fraction": 100,
                "cores": 2,
                "gpus": 0,
                "memory": 2
              }
            ],
            "scheduling_policy": [
              {
                "preemptible": false
              }
            ],
            "secondary_disk": [],
            "service_account_id": "",
            "status": "running",
            "timeouts": null,
            "zone": "ru-central1-b"
          },
          "sensitive_attributes": [],
          "private": "eyJlMmJmYjczMC1lY2FhLTExZTYtOGY4OC0zNDM2M2JjN2M0YzAiOnsiY3JlYXRlIjozMDAwMDAwMDAwMDAsImRlbGV0ZSI6MzAwMDAwMDAwMDAwLCJ1cGRhdGUiOjMwMDAwMDAwMDAwMH0sInNjaGVtYV92ZXJzaW9uIjoiMSJ9",
          "dependencies": [
            "yandex_vpc_subnet.private"
          ]
        }
      ]
    },
    {
      "mode": "managed",
      "type": "yandex_vpc_network",
      "name": "default",
      "provider": "provider[\"registry.terraform.io/yandex-cloud/yandex\"]",
      "instances": [
        {
          "schema_version": 0,
          "attributes": {
            "created_at": "2023-02-26T17:25:13Z",
            "default_security_group_id": "",
            "description": "",
            "folder_id": "b1gq4sejntiisjvcq7m4",
            "id": "enpimuqrj94mrqco7rtb",
            "labels": {},
            "name": "default",
            "subnet_ids": [
              "e2l8vf41g004rrm18ifa",
              "e2lreaq20j2rj5i0k3js"
            ],
            "timeouts": null
          },
          "sensitive_attributes": [],
          "private": "eyJlMmJmYjczMC1lY2FhLTExZTYtOGY4OC0zNDM2M2JjN2M0YzAiOnsiY3JlYXRlIjo2MDAwMDAwMDAwMCwiZGVsZXRlIjo2MDAwMDAwMDAwMCwidXBkYXRlIjo2MDAwMDAwMDAwMH19"
        }
      ]
    },
    {
      "mode": "managed",
      "type": "yandex_vpc_route_table",
      "name": "lab-rt-a",
      "provider": "provider[\"registry.terraform.io/yandex-cloud/yandex\"]",
      "instances": [
        {
          "schema_version": 0,
          "attributes": {
            "created_at": "2023-02-26T17:41:18Z",
            "description": "",
            "folder_id": "b1gq4sejntiisjvcq7m4",
            "id": "enpsbnv8leaunbedcnb7",
            "labels": {},
            "name": "",
            "network_id": "enpimuqrj94mrqco7rtb",
            "static_route": [
              {
                "destination_prefix": "0.0.0.0/0",
                "next_hop_address": "192.168.10.254"
              }
            ],
            "timeouts": null
          },
          "sensitive_attributes": [],
          "private": "eyJlMmJmYjczMC1lY2FhLTExZTYtOGY4OC0zNDM2M2JjN2M0YzAiOnsiY3JlYXRlIjoxODAwMDAwMDAwMDAsImRlbGV0ZSI6MTgwMDAwMDAwMDAwLCJ1cGRhdGUiOjE4MDAwMDAwMDAwMH19",
          "dependencies": [
            "yandex_vpc_network.default"
          ]
        }
      ]
    },
    {
      "mode": "managed",
      "type": "yandex_vpc_subnet",
      "name": "private",
      "provider": "provider[\"registry.terraform.io/yandex-cloud/yandex\"]",
      "instances": [
        {
          "schema_version": 0,
          "attributes": {
            "created_at": "2023-02-26T17:25:14Z",
            "description": "",
            "dhcp_options": [],
            "folder_id": "b1gq4sejntiisjvcq7m4",
            "id": "e2l8vf41g004rrm18ifa",
            "labels": {},
            "name": "private",
            "network_id": "enpimuqrj94mrqco7rtb",
            "route_table_id": "",
            "timeouts": null,
            "v4_cidr_blocks": [
              "192.168.20.0/24"
            ],
            "v6_cidr_blocks": [],
            "zone": "ru-central1-b"
          },
          "sensitive_attributes": [],
          "private": "eyJlMmJmYjczMC1lY2FhLTExZTYtOGY4OC0zNDM2M2JjN2M0YzAiOnsiY3JlYXRlIjoxODAwMDAwMDAwMDAsImRlbGV0ZSI6MTgwMDAwMDAwMDAwLCJ1cGRhdGUiOjE4MDAwMDAwMDAwMH19",
          "dependencies": [
            "yandex_vpc_network.default"
          ]
        }
      ]
    },
    {
      "mode": "managed",
      "type": "yandex_vpc_subnet",
      "name": "public",
      "provider": "provider[\"registry.terraform.io/yandex-cloud/yandex\"]",
      "instances": [
        {
          "schema_version": 0,
          "attributes": {
            "created_at": "2023-02-26T17:25:14Z",
            "description": "",
            "dhcp_options": [],
            "folder_id": "b1gq4sejntiisjvcq7m4",
            "id": "e2lreaq20j2rj5i0k3js",
            "labels": {},
            "name": "public",
            "network_id": "enpimuqrj94mrqco7rtb",
            "route_table_id": "",
            "timeouts": null,
            "v4_cidr_blocks": [
              "192.168.10.0/24"
            ],
            "v6_cidr_blocks": [],
            "zone": "ru-central1-b"
          },
          "sensitive_attributes": [],
          "private": "eyJlMmJmYjczMC1lY2FhLTExZTYtOGY4OC0zNDM2M2JjN2M0YzAiOnsiY3JlYXRlIjoxODAwMDAwMDAwMDAsImRlbGV0ZSI6MTgwMDAwMDAwMDAwLCJ1cGRhdGUiOjE4MDAwMDAwMDAwMH19",
          "dependencies": [
            "yandex_vpc_network.default"
          ]
        }
      ]
    }
  ]
}
